github.com/eladSalti/go_test-t v1.0.4 h1:m2gp6bsQ0DTm2Pj1RDTAVuglbWSN8QjEcb7oX4EAMF0=
github.com/eladSalti/go_test-t v1.0.4/go.mod h1:sAvMxfesQkwZdqy2ZyVyLWgzl68qtw0XRCcWLj0LZgc=
github.com/garyburd/redigo v1.6.0 h1:0VruCpn7yAIIu7pWVClQC8wxCJEcG3nyzpMSHKi1PQc=
github.com/garyburd/redigo v1.6.0/go.mod h1:NR3MbYisc3/PwhQ00EMzDiPmrwpPxAn5GI05/YaO1SY=
github.com/google/go-querystring v1.0.0 h1:Xkwi/a1rcvNg1PPYe5vI8GbeBY/jrVuDX5ASuANWTrk=
github.com/google/go-querystring v1.0.0/go.mod h1:odCYkC5MyYFN7vkCjXpyrEuKhc/BUO6wN/zVPAxq5ck=
